{
  "version": 4,
  "terraform_version": "1.7.3",
  "serial": 65,
  "lineage": "92e20317-f40c-bae7-f888-bd826dfde37e",
  "outputs": {
    "account_id": {
      "value": "339712845431",
      "type": "string"
    },
    "aws_region": {
      "value": "ap-northeast-2",
      "type": "string"
    },
    "redshift_cluster_hostname": {
      "value": "redshift-cluster-pipeline.cuz9cskwdwtb.ap-northeast-2.redshift.amazonaws.com",
      "type": "string"
    },
    "redshift_password": {
      "value": "DbPassword1!",
      "type": "string"
    },
    "redshift_port": {
      "value": 5439,
      "type": "number"
    },
    "redshift_role": {
      "value": "RedShiftLoadRole",
      "type": "string"
    },
    "redshift_username": {
      "value": "awsuser",
      "type": "string"
    },
    "s3_bucket_name": {
      "value": "janghodashboardbucket",
      "type": "string"
    }
  },
  "resources": [
    {
      "mode": "data",
      "type": "aws_caller_identity",
      "name": "current",
      "provider": "provider[\"registry.terraform.io/hashicorp/aws\"]",
      "instances": [
        {
          "schema_version": 0,
          "attributes": {
            "account_id": "339712845431",
            "arn": "arn:aws:iam::339712845431:user/USER",
            "id": "339712845431",
            "user_id": "AIDAU6GDWUZ36ZIIQNQVB"
          },
          "sensitive_attributes": []
        }
      ]
    },
    {
      "mode": "managed",
      "type": "aws_iam_role",
      "name": "redshift_role",
      "provider": "provider[\"registry.terraform.io/hashicorp/aws\"]",
      "instances": [
        {
          "schema_version": 0,
          "attributes": {
            "arn": "arn:aws:iam::339712845431:role/RedShiftLoadRole",
            "assume_role_policy": "{\"Statement\":[{\"Action\":\"sts:AssumeRole\",\"Effect\":\"Allow\",\"Principal\":{\"Service\":\"redshift.amazonaws.com\"},\"Sid\":\"\"}],\"Version\":\"2012-10-17\"}",
            "create_date": "2024-03-20T08:13:17Z",
            "description": "",
            "force_detach_policies": false,
            "id": "RedShiftLoadRole",
            "inline_policy": [],
            "managed_policy_arns": [
              "arn:aws:iam::aws:policy/AmazonS3ReadOnlyAccess"
            ],
            "max_session_duration": 3600,
            "name": "RedShiftLoadRole",
            "name_prefix": "",
            "path": "/",
            "permissions_boundary": null,
            "role_last_used": [
              {
                "last_used_date": "",
                "region": ""
              }
            ],
            "tags": null,
            "tags_all": {},
            "unique_id": "AROAU6GDWUZ37N2XZJX42"
          },
          "sensitive_attributes": [],
          "private": "bnVsbA=="
        }
      ]
    },
    {
      "mode": "managed",
      "type": "aws_redshift_cluster",
      "name": "redshift",
      "provider": "provider[\"registry.terraform.io/hashicorp/aws\"]",
      "instances": [
        {
          "schema_version": 0,
          "attributes": {
            "allow_version_upgrade": true,
            "apply_immediately": false,
            "aqua_configuration_status": "auto",
            "arn": "arn:aws:redshift:ap-northeast-2:339712845431:cluster:redshift-cluster-pipeline",
            "automated_snapshot_retention_period": 1,
            "availability_zone": "ap-northeast-2c",
            "availability_zone_relocation_enabled": false,
            "cluster_identifier": "redshift-cluster-pipeline",
            "cluster_nodes": [
              {
                "node_role": "SHARED",
                "private_ip_address": "172.31.33.245",
                "public_ip_address": "3.35.123.150"
              }
            ],
            "cluster_parameter_group_name": "default.redshift-1.0",
            "cluster_public_key": "ssh-rsa AAAAB3NzaC1yc2EAAAADAQABAAABAQCzRW5t2r649+c0fW6OEvt4OfaJjGP54/GUJIUTQSnwXTNmWH5HaHaPn9N7bsF8MEmMJo/7d6veORIfx56NgOxoBAMscLauOiT6JCe/aLuBO0U+VC/Mr5nfvhj14g35V1M3I+M3Qrj5bJyirsuYvhcmcBiYExN3uWyLNPcXdXjSkHGTiMbQz6CstRzTvadDpbLEzyLpnVyRMYpP+oOZh55Hx1VwXGucZa3y6Ht4OnmP2aZsYmSwpjqdGp1xS0ScpBwtjV5DzllnbItDkg1pe7/SUCOZZlYE66OTm7R2pwwcndwwYAzIzJXAI6XjJbgGyXCfk8Z5kBuAIZ4RmtSKpRYR Amazon-Redshift\n",
            "cluster_revision_number": "63269",
            "cluster_security_groups": [],
            "cluster_subnet_group_name": "default",
            "cluster_type": "single-node",
            "cluster_version": "1.0",
            "database_name": "",
            "default_iam_role_arn": "",
            "dns_name": "redshift-cluster-pipeline.cuz9cskwdwtb.ap-northeast-2.redshift.amazonaws.com",
            "elastic_ip": null,
            "encrypted": false,
            "endpoint": "redshift-cluster-pipeline.cuz9cskwdwtb.ap-northeast-2.redshift.amazonaws.com:5439",
            "enhanced_vpc_routing": false,
            "final_snapshot_identifier": null,
            "iam_roles": [
              "arn:aws:iam::339712845431:role/RedShiftLoadRole"
            ],
            "id": "redshift-cluster-pipeline",
            "kms_key_id": "",
            "logging": [
              {
                "bucket_name": "",
                "enable": false,
                "log_destination_type": "",
                "log_exports": [],
                "s3_key_prefix": ""
              }
            ],
            "maintenance_track_name": "current",
            "manual_snapshot_retention_period": -1,
            "master_password": "DbPassword1!",
            "master_username": "awsuser",
            "node_type": "dc2.large",
            "number_of_nodes": 1,
            "owner_account": null,
            "port": 5439,
            "preferred_maintenance_window": "sun:17:00-sun:17:30",
            "publicly_accessible": true,
            "skip_final_snapshot": true,
            "snapshot_cluster_identifier": null,
            "snapshot_copy": [],
            "snapshot_identifier": null,
            "tags": null,
            "tags_all": {},
            "timeouts": null,
            "vpc_security_group_ids": [
              "sg-0203f0f9e89f79f22"
            ]
          },
          "sensitive_attributes": [],
          "private": "eyJlMmJmYjczMC1lY2FhLTExZTYtOGY4OC0zNDM2M2JjN2M0YzAiOnsiY3JlYXRlIjo0NTAwMDAwMDAwMDAwLCJkZWxldGUiOjI0MDAwMDAwMDAwMDAsInVwZGF0ZSI6NDUwMDAwMDAwMDAwMH19",
          "dependencies": [
            "aws_iam_role.redshift_role",
            "aws_security_group.sg_redshift"
          ]
        }
      ]
    },
    {
      "mode": "managed",
      "type": "aws_s3_bucket",
      "name": "reddit_bucket",
      "provider": "provider[\"registry.terraform.io/hashicorp/aws\"]",
      "instances": [
        {
          "schema_version": 0,
          "attributes": {
            "acceleration_status": "",
            "acl": null,
            "arn": "arn:aws:s3:::janghodashboardbucket",
            "bucket": "janghodashboardbucket",
            "bucket_domain_name": "janghodashboardbucket.s3.amazonaws.com",
            "bucket_prefix": "",
            "bucket_regional_domain_name": "janghodashboardbucket.s3.ap-northeast-2.amazonaws.com",
            "cors_rule": [],
            "force_destroy": true,
            "grant": [
              {
                "id": "871f4570c282532f9f24e9cb7bae7b26f7ee0ad60cf488411dc31f684b3d2de5",
                "permissions": [
                  "FULL_CONTROL"
                ],
                "type": "CanonicalUser",
                "uri": ""
              }
            ],
            "hosted_zone_id": "Z3W03O7B5YMIYP",
            "id": "janghodashboardbucket",
            "lifecycle_rule": [],
            "logging": [],
            "object_lock_configuration": [],
            "object_lock_enabled": false,
            "policy": "",
            "region": "ap-northeast-2",
            "replication_configuration": [],
            "request_payer": "BucketOwner",
            "server_side_encryption_configuration": [
              {
                "rule": [
                  {
                    "apply_server_side_encryption_by_default": [
                      {
                        "kms_master_key_id": "",
                        "sse_algorithm": "AES256"
                      }
                    ],
                    "bucket_key_enabled": false
                  }
                ]
              }
            ],
            "tags": null,
            "tags_all": {},
            "timeouts": null,
            "versioning": [
              {
                "enabled": false,
                "mfa_delete": false
              }
            ],
            "website": [],
            "website_domain": null,
            "website_endpoint": null
          },
          "sensitive_attributes": [],
          "private": "eyJlMmJmYjczMC1lY2FhLTExZTYtOGY4OC0zNDM2M2JjN2M0YzAiOnsiY3JlYXRlIjoxMjAwMDAwMDAwMDAwLCJkZWxldGUiOjM2MDAwMDAwMDAwMDAsInJlYWQiOjEyMDAwMDAwMDAwMDAsInVwZGF0ZSI6MTIwMDAwMDAwMDAwMH19"
        }
      ]
    },
    {
      "mode": "managed",
      "type": "aws_s3_bucket_acl",
      "name": "s3_reddit_bucket_acl",
      "provider": "provider[\"registry.terraform.io/hashicorp/aws\"]",
      "instances": [
        {
          "schema_version": 0,
          "attributes": {
            "access_control_policy": [
              {
                "grant": [
                  {
                    "grantee": [
                      {
                        "display_name": "",
                        "email_address": "",
                        "id": "871f4570c282532f9f24e9cb7bae7b26f7ee0ad60cf488411dc31f684b3d2de5",
                        "type": "CanonicalUser",
                        "uri": ""
                      }
                    ],
                    "permission": "FULL_CONTROL"
                  }
                ],
                "owner": [
                  {
                    "display_name": "",
                    "id": "871f4570c282532f9f24e9cb7bae7b26f7ee0ad60cf488411dc31f684b3d2de5"
                  }
                ]
              }
            ],
            "acl": "private",
            "bucket": "janghodashboardbucket",
            "expected_bucket_owner": "",
            "id": "janghodashboardbucket,private"
          },
          "sensitive_attributes": [],
          "private": "bnVsbA==",
          "dependencies": [
            "aws_s3_bucket.reddit_bucket",
            "aws_s3_bucket_ownership_controls.s3_bucket_acl_ownership"
          ]
        }
      ]
    },
    {
      "mode": "managed",
      "type": "aws_s3_bucket_ownership_controls",
      "name": "s3_bucket_acl_ownership",
      "provider": "provider[\"registry.terraform.io/hashicorp/aws\"]",
      "instances": [
        {
          "schema_version": 0,
          "attributes": {
            "bucket": "janghodashboardbucket",
            "id": "janghodashboardbucket",
            "rule": [
              {
                "object_ownership": "ObjectWriter"
              }
            ]
          },
          "sensitive_attributes": [],
          "private": "bnVsbA==",
          "dependencies": [
            "aws_s3_bucket.reddit_bucket"
          ]
        }
      ]
    },
    {
      "mode": "managed",
      "type": "aws_security_group",
      "name": "sg_redshift",
      "provider": "provider[\"registry.terraform.io/hashicorp/aws\"]",
      "instances": [
        {
          "schema_version": 1,
          "attributes": {
            "arn": "arn:aws:ec2:ap-northeast-2:339712845431:security-group/sg-0203f0f9e89f79f22",
            "description": "Managed by Terraform",
            "egress": [
              {
                "cidr_blocks": [
                  "0.0.0.0/0"
                ],
                "description": "",
                "from_port": 0,
                "ipv6_cidr_blocks": [],
                "prefix_list_ids": [],
                "protocol": "-1",
                "security_groups": [],
                "self": false,
                "to_port": 0
              }
            ],
            "id": "sg-0203f0f9e89f79f22",
            "ingress": [
              {
                "cidr_blocks": [
                  "0.0.0.0/0"
                ],
                "description": "",
                "from_port": 0,
                "ipv6_cidr_blocks": [],
                "prefix_list_ids": [],
                "protocol": "-1",
                "security_groups": [],
                "self": false,
                "to_port": 0
              }
            ],
            "name": "sg_redshift",
            "name_prefix": "",
            "owner_id": "339712845431",
            "revoke_rules_on_delete": false,
            "tags": null,
            "tags_all": {},
            "timeouts": null,
            "vpc_id": "vpc-0da60f9e347a19e72"
          },
          "sensitive_attributes": [],
          "private": "eyJlMmJmYjczMC1lY2FhLTExZTYtOGY4OC0zNDM2M2JjN2M0YzAiOnsiY3JlYXRlIjo2MDAwMDAwMDAwMDAsImRlbGV0ZSI6OTAwMDAwMDAwMDAwfSwic2NoZW1hX3ZlcnNpb24iOiIxIn0="
        }
      ]
    }
  ],
  "check_results": null
}
